
Microsoft Visual Studio Solution File, Format Version 12.00
# Visual Studio Version 17
VisualStudioVersion = 17.0.31903.59
MinimumVisualStudioVersion = 10.0.40219.1
Project("{2150E333-8FDC-42A3-9474-1A3956D46DE8}") = "src", "src", "{827E0CD3-B72D-47B6-A68D-7590B98EB39B}"
EndProject
Project("{FAE04EC0-301F-11D3-BF4B-00C04F79EFBC}") = "ReviewIQ.Gateway", "src\ReviewIQ.Gateway\ReviewIQ.Gateway.csproj", "{D57E775A-490A-4B13-8EB9-F47F2C9B5AF7}"
EndProject
Project("{FAE04EC0-301F-11D3-BF4B-00C04F79EFBC}") = "ReviewIQ.AI", "src\ReviewIQ.AI\ReviewIQ.AI.csproj", "{C377CE65-2F7E-4709-BFF9-0911CFFA5C59}"
EndProject
Project("{FAE04EC0-301F-11D3-BF4B-00C04F79EFBC}") = "ReviewIQ.Analytics", "src\ReviewIQ.Analytics\ReviewIQ.Analytics.csproj", "{D36DF6E5-4DE5-469F-AB5F-6573B805D6B9}"
EndProject
Project("{FAE04EC0-301F-11D3-BF4B-00C04F79EFBC}") = "ReviewIQ.Notify", "src\ReviewIQ.Notify\ReviewIQ.Notify.csproj", "{0207C807-A752-48CA-8A35-7E3B435348F1}"
EndProject
Project("{FAE04EC0-301F-11D3-BF4B-00C04F79EFBC}") = "ReviewIQ.Shared", "src\ReviewIQ.Shared\ReviewIQ.Shared.csproj", "{0891BEC3-E2C8-478F-A91B-B50619B7BC27}"
EndProject
Project("{2150E333-8FDC-42A3-9474-1A3956D46DE8}") = "tests", "tests", "{0AB3BF05-4346-4AA6-1389-037BE0695223}"
EndProject
Project("{FAE04EC0-301F-11D3-BF4B-00C04F79EFBC}") = "ReviewIQ.Gateway.Tests", "tests\ReviewIQ.Gateway.Tests\ReviewIQ.Gateway.Tests.csproj", "{95A275C3-CDAF-4AD0-8183-43004206546A}"
EndProject
Project("{FAE04EC0-301F-11D3-BF4B-00C04F79EFBC}") = "ReviewIQ.AI.Tests", "tests\ReviewIQ.AI.Tests\ReviewIQ.AI.Tests.csproj", "{6145522A-D402-4862-BD70-B679778CA5D8}"
EndProject
Project("{FAE04EC0-301F-11D3-BF4B-00C04F79EFBC}") = "ReviewIQ.Analytics.Tests", "tests\ReviewIQ.Analytics.Tests\ReviewIQ.Analytics.Tests.csproj", "{B8B95976-9546-45FC-87A6-DA4FFADCBF6E}"
EndProject
Project("{FAE04EC0-301F-11D3-BF4B-00C04F79EFBC}") = "ReviewIQ.Notify.Tests", "tests\ReviewIQ.Notify.Tests\ReviewIQ.Notify.Tests.csproj", "{5B73AB41-D452-4409-A458-1C0441D40340}"
EndProject
Global
	GlobalSection(SolutionConfigurationPlatforms) = preSolution
		Debug|Any CPU = Debug|Any CPU
		Debug|x64 = Debug|x64
		Debug|x86 = Debug|x86
		Release|Any CPU = Release|Any CPU
		Release|x64 = Release|x64
		Release|x86 = Release|x86
	EndGlobalSection
	GlobalSection(ProjectConfigurationPlatforms) = postSolution
		{D57E775A-490A-4B13-8EB9-F47F2C9B5AF7}.Debug|Any CPU.ActiveCfg = Debug|Any CPU
		{D57E775A-490A-4B13-8EB9-F47F2C9B5AF7}.Debug|Any CPU.Build.0 = Debug|Any CPU
		{D57E775A-490A-4B13-8EB9-F47F2C9B5AF7}.Debug|x64.ActiveCfg = Debug|Any CPU
		{D57E775A-490A-4B13-8EB9-F47F2C9B5AF7}.Debug|x64.Build.0 = Debug|Any CPU
		{D57E775A-490A-4B13-8EB9-F47F2C9B5AF7}.Debug|x86.ActiveCfg = Debug|Any CPU
		{D57E775A-490A-4B13-8EB9-F47F2C9B5AF7}.Debug|x86.Build.0 = Debug|Any CPU
		{D57E775A-490A-4B13-8EB9-F47F2C9B5AF7}.Release|Any CPU.ActiveCfg = Release|Any CPU
		{D57E775A-490A-4B13-8EB9-F47F2C9B5AF7}.Release|Any CPU.Build.0 = Release|Any CPU
		{D57E775A-490A-4B13-8EB9-F47F2C9B5AF7}.Release|x64.ActiveCfg = Release|Any CPU
		{D57E775A-490A-4B13-8EB9-F47F2C9B5AF7}.Release|x64.Build.0 = Release|Any CPU
		{D57E775A-490A-4B13-8EB9-F47F2C9B5AF7}.Release|x86.ActiveCfg = Release|Any CPU
		{D57E775A-490A-4B13-8EB9-F47F2C9B5AF7}.Release|x86.Build.0 = Release|Any CPU
		{C377CE65-2F7E-4709-BFF9-0911CFFA5C59}.Debug|Any CPU.ActiveCfg = Debug|Any CPU
		{C377CE65-2F7E-4709-BFF9-0911CFFA5C59}.Debug|Any CPU.Build.0 = Debug|Any CPU
		{C377CE65-2F7E-4709-BFF9-0911CFFA5C59}.Debug|x64.ActiveCfg = Debug|Any CPU
		{C377CE65-2F7E-4709-BFF9-0911CFFA5C59}.Debug|x64.Build.0 = Debug|Any CPU
		{C377CE65-2F7E-4709-BFF9-0911CFFA5C59}.Debug|x86.ActiveCfg = Debug|Any CPU
		{C377CE65-2F7E-4709-BFF9-0911CFFA5C59}.Debug|x86.Build.0 = Debug|Any CPU
		{C377CE65-2F7E-4709-BFF9-0911CFFA5C59}.Release|Any CPU.ActiveCfg = Release|Any CPU
		{C377CE65-2F7E-4709-BFF9-0911CFFA5C59}.Release|Any CPU.Build.0 = Release|Any CPU
		{C377CE65-2F7E-4709-BFF9-0911CFFA5C59}.Release|x64.ActiveCfg = Release|Any CPU
		{C377CE65-2F7E-4709-BFF9-0911CFFA5C59}.Release|x64.Build.0 = Release|Any CPU
		{C377CE65-2F7E-4709-BFF9-0911CFFA5C59}.Release|x86.ActiveCfg = Release|Any CPU
		{C377CE65-2F7E-4709-BFF9-0911CFFA5C59}.Release|x86.Build.0 = Release|Any CPU
		{D36DF6E5-4DE5-469F-AB5F-6573B805D6B9}.Debug|Any CPU.ActiveCfg = Debug|Any CPU
		{D36DF6E5-4DE5-469F-AB5F-6573B805D6B9}.Debug|Any CPU.Build.0 = Debug|Any CPU
		{D36DF6E5-4DE5-469F-AB5F-6573B805D6B9}.Debug|x64.ActiveCfg = Debug|Any CPU
		{D36DF6E5-4DE5-469F-AB5F-6573B805D6B9}.Debug|x64.Build.0 = Debug|Any CPU
		{D36DF6E5-4DE5-469F-AB5F-6573B805D6B9}.Debug|x86.ActiveCfg = Debug|Any CPU
		{D36DF6E5-4DE5-469F-AB5F-6573B805D6B9}.Debug|x86.Build.0 = Debug|Any CPU
		{D36DF6E5-4DE5-469F-AB5F-6573B805D6B9}.Release|Any CPU.ActiveCfg = Release|Any CPU
		{D36DF6E5-4DE5-469F-AB5F-6573B805D6B9}.Release|Any CPU.Build.0 = Release|Any CPU
		{D36DF6E5-4DE5-469F-AB5F-6573B805D6B9}.Release|x64.ActiveCfg = Release|Any CPU
		{D36DF6E5-4DE5-469F-AB5F-6573B805D6B9}.Release|x64.Build.0 = Release|Any CPU
		{D36DF6E5-4DE5-469F-AB5F-6573B805D6B9}.Release|x86.ActiveCfg = Release|Any CPU
		{D36DF6E5-4DE5-469F-AB5F-6573B805D6B9}.Release|x86.Build.0 = Release|Any CPU
		{0207C807-A752-48CA-8A35-7E3B435348F1}.Debug|Any CPU.ActiveCfg = Debug|Any CPU
		{0207C807-A752-48CA-8A35-7E3B435348F1}.Debug|Any CPU.Build.0 = Debug|Any CPU
		{0207C807-A752-48CA-8A35-7E3B435348F1}.Debug|x64.ActiveCfg = Debug|Any CPU
		{0207C807-A752-48CA-8A35-7E3B435348F1}.Debug|x64.Build.0 = Debug|Any CPU
		{0207C807-A752-48CA-8A35-7E3B435348F1}.Debug|x86.ActiveCfg = Debug|Any CPU
		{0207C807-A752-48CA-8A35-7E3B435348F1}.Debug|x86.Build.0 = Debug|Any CPU
		{0207C807-A752-48CA-8A35-7E3B435348F1}.Release|Any CPU.ActiveCfg = Release|Any CPU
		{0207C807-A752-48CA-8A35-7E3B435348F1}.Release|Any CPU.Build.0 = Release|Any CPU
		{0207C807-A752-48CA-8A35-7E3B435348F1}.Release|x64.ActiveCfg = Release|Any CPU
		{0207C807-A752-48CA-8A35-7E3B435348F1}.Release|x64.Build.0 = Release|Any CPU
		{0207C807-A752-48CA-8A35-7E3B435348F1}.Release|x86.ActiveCfg = Release|Any CPU
		{0207C807-A752-48CA-8A35-7E3B435348F1}.Release|x86.Build.0 = Release|Any CPU
		{0891BEC3-E2C8-478F-A91B-B50619B7BC27}.Debug|Any CPU.ActiveCfg = Debug|Any CPU
		{0891BEC3-E2C8-478F-A91B-B50619B7BC27}.Debug|Any CPU.Build.0 = Debug|Any CPU
		{0891BEC3-E2C8-478F-A91B-B50619B7BC27}.Debug|x64.ActiveCfg = Debug|Any CPU
		{0891BEC3-E2C8-478F-A91B-B50619B7BC27}.Debug|x64.Build.0 = Debug|Any CPU
		{0891BEC3-E2C8-478F-A91B-B50619B7BC27}.Debug|x86.ActiveCfg = Debug|Any CPU
		{0891BEC3-E2C8-478F-A91B-B50619B7BC27}.Debug|x86.Build.0 = Debug|Any CPU
		{0891BEC3-E2C8-478F-A91B-B50619B7BC27}.Release|Any CPU.ActiveCfg = Release|Any CPU
		{0891BEC3-E2C8-478F-A91B-B50619B7BC27}.Release|Any CPU.Build.0 = Release|Any CPU
		{0891BEC3-E2C8-478F-A91B-B50619B7BC27}.Release|x64.ActiveCfg = Release|Any CPU
		{0891BEC3-E2C8-478F-A91B-B50619B7BC27}.Release|x64.Build.0 = Release|Any CPU
		{0891BEC3-E2C8-478F-A91B-B50619B7BC27}.Release|x86.ActiveCfg = Release|Any CPU
		{0891BEC3-E2C8-478F-A91B-B50619B7BC27}.Release|x86.Build.0 = Release|Any CPU
		{95A275C3-CDAF-4AD0-8183-43004206546A}.Debug|Any CPU.ActiveCfg = Debug|Any CPU
		{95A275C3-CDAF-4AD0-8183-43004206546A}.Debug|Any CPU.Build.0 = Debug|Any CPU
		{95A275C3-CDAF-4AD0-8183-43004206546A}.Debug|x64.ActiveCfg = Debug|Any CPU
		{95A275C3-CDAF-4AD0-8183-43004206546A}.Debug|x64.Build.0 = Debug|Any CPU
		{95A275C3-CDAF-4AD0-8183-43004206546A}.Debug|x86.ActiveCfg = Debug|Any CPU
		{95A275C3-CDAF-4AD0-8183-43004206546A}.Debug|x86.Build.0 = Debug|Any CPU
		{95A275C3-CDAF-4AD0-8183-43004206546A}.Release|Any CPU.ActiveCfg = Release|Any CPU
		{95A275C3-CDAF-4AD0-8183-43004206546A}.Release|Any CPU.Build.0 = Release|Any CPU
		{95A275C3-CDAF-4AD0-8183-43004206546A}.Release|x64.ActiveCfg = Release|Any CPU
		{95A275C3-CDAF-4AD0-8183-43004206546A}.Release|x64.Build.0 = Release|Any CPU
		{95A275C3-CDAF-4AD0-8183-43004206546A}.Release|x86.ActiveCfg = Release|Any CPU
		{95A275C3-CDAF-4AD0-8183-43004206546A}.Release|x86.Build.0 = Release|Any CPU
		{6145522A-D402-4862-BD70-B679778CA5D8}.Debug|Any CPU.ActiveCfg = Debug|Any CPU
		{6145522A-D402-4862-BD70-B679778CA5D8}.Debug|Any CPU.Build.0 = Debug|Any CPU
		{6145522A-D402-4862-BD70-B679778CA5D8}.Debug|x64.ActiveCfg = Debug|Any CPU
		{6145522A-D402-4862-BD70-B679778CA5D8}.Debug|x64.Build.0 = Debug|Any CPU
		{6145522A-D402-4862-BD70-B679778CA5D8}.Debug|x86.ActiveCfg = Debug|Any CPU
		{6145522A-D402-4862-BD70-B679778CA5D8}.Debug|x86.Build.0 = Debug|Any CPU
		{6145522A-D402-4862-BD70-B679778CA5D8}.Release|Any CPU.ActiveCfg = Release|Any CPU
		{6145522A-D402-4862-BD70-B679778CA5D8}.Release|Any CPU.Build.0 = Release|Any CPU
		{6145522A-D402-4862-BD70-B679778CA5D8}.Release|x64.ActiveCfg = Release|Any CPU
		{6145522A-D402-4862-BD70-B679778CA5D8}.Release|x64.Build.0 = Release|Any CPU
		{6145522A-D402-4862-BD70-B679778CA5D8}.Release|x86.ActiveCfg = Release|Any CPU
		{6145522A-D402-4862-BD70-B679778CA5D8}.Release|x86.Build.0 = Release|Any CPU
		{B8B95976-9546-45FC-87A6-DA4FFADCBF6E}.Debug|Any CPU.ActiveCfg = Debug|Any CPU
		{B8B95976-9546-45FC-87A6-DA4FFADCBF6E}.Debug|Any CPU.Build.0 = Debug|Any CPU
		{B8B95976-9546-45FC-87A6-DA4FFADCBF6E}.Debug|x64.ActiveCfg = Debug|Any CPU
		{B8B95976-9546-45FC-87A6-DA4FFADCBF6E}.Debug|x64.Build.0 = Debug|Any CPU
		{B8B95976-9546-45FC-87A6-DA4FFADCBF6E}.Debug|x86.ActiveCfg = Debug|Any CPU
		{B8B95976-9546-45FC-87A6-DA4FFADCBF6E}.Debug|x86.Build.0 = Debug|Any CPU
		{B8B95976-9546-45FC-87A6-DA4FFADCBF6E}.Release|Any CPU.ActiveCfg = Release|Any CPU
		{B8B95976-9546-45FC-87A6-DA4FFADCBF6E}.Release|Any CPU.Build.0 = Release|Any CPU
		{B8B95976-9546-45FC-87A6-DA4FFADCBF6E}.Release|x64.ActiveCfg = Release|Any CPU
		{B8B95976-9546-45FC-87A6-DA4FFADCBF6E}.Release|x64.Build.0 = Release|Any CPU
		{B8B95976-9546-45FC-87A6-DA4FFADCBF6E}.Release|x86.ActiveCfg = Release|Any CPU
		{B8B95976-9546-45FC-87A6-DA4FFADCBF6E}.Release|x86.Build.0 = Release|Any CPU
		{5B73AB41-D452-4409-A458-1C0441D40340}.Debug|Any CPU.ActiveCfg = Debug|Any CPU
		{5B73AB41-D452-4409-A458-1C0441D40340}.Debug|Any CPU.Build.0 = Debug|Any CPU
		{5B73AB41-D452-4409-A458-1C0441D40340}.Debug|x64.ActiveCfg = Debug|Any CPU
		{5B73AB41-D452-4409-A458-1C0441D40340}.Debug|x64.Build.0 = Debug|Any CPU
		{5B73AB41-D452-4409-A458-1C0441D40340}.Debug|x86.ActiveCfg = Debug|Any CPU
		{5B73AB41-D452-4409-A458-1C0441D40340}.Debug|x86.Build.0 = Debug|Any CPU
		{5B73AB41-D452-4409-A458-1C0441D40340}.Release|Any CPU.ActiveCfg = Release|Any CPU
		{5B73AB41-D452-4409-A458-1C0441D40340}.Release|Any CPU.Build.0 = Release|Any CPU
		{5B73AB41-D452-4409-A458-1C0441D40340}.Release|x64.ActiveCfg = Release|Any CPU
		{5B73AB41-D452-4409-A458-1C0441D40340}.Release|x64.Build.0 = Release|Any CPU
		{5B73AB41-D452-4409-A458-1C0441D40340}.Release|x86.ActiveCfg = Release|Any CPU
		{5B73AB41-D452-4409-A458-1C0441D40340}.Release|x86.Build.0 = Release|Any CPU
	EndGlobalSection
	GlobalSection(SolutionProperties) = preSolution
		HideSolutionNode = FALSE
	EndGlobalSection
	GlobalSection(NestedProjects) = preSolution
		{D57E775A-490A-4B13-8EB9-F47F2C9B5AF7} = {827E0CD3-B72D-47B6-A68D-7590B98EB39B}
		{C377CE65-2F7E-4709-BFF9-0911CFFA5C59} = {827E0CD3-B72D-47B6-A68D-7590B98EB39B}
		{D36DF6E5-4DE5-469F-AB5F-6573B805D6B9} = {827E0CD3-B72D-47B6-A68D-7590B98EB39B}
		{0207C807-A752-48CA-8A35-7E3B435348F1} = {827E0CD3-B72D-47B6-A68D-7590B98EB39B}
		{0891BEC3-E2C8-478F-A91B-B50619B7BC27} = {827E0CD3-B72D-47B6-A68D-7590B98EB39B}
		{95A275C3-CDAF-4AD0-8183-43004206546A} = {0AB3BF05-4346-4AA6-1389-037BE0695223}
		{6145522A-D402-4862-BD70-B679778CA5D8} = {0AB3BF05-4346-4AA6-1389-037BE0695223}
		{B8B95976-9546-45FC-87A6-DA4FFADCBF6E} = {0AB3BF05-4346-4AA6-1389-037BE0695223}
		{5B73AB41-D452-4409-A458-1C0441D40340} = {0AB3BF05-4346-4AA6-1389-037BE0695223}
	EndGlobalSection
EndGlobal
